# @generated by Move, please check-in and do not edit manually.

[move]
version = 3
manifest_digest = "E8230815F82DE12BEAB8BFEBE64A355E14CA563F29F077B2598B2EF186682849"
deps_digest = "F8BBB0CCB2491CA29A3DF03D6F92277A4F3574266507ACD77214D37ECA3F3082"
dependencies = [
  { id = "Sui", name = "Sui" },
]

[[move.package]]
id = "MoveStdlib"
source = { git = "https://github.com/MystenLabs/sui.git", rev = "framework/mainnet", subdir = "crates/sui-framework/packages/move-stdlib" }

[[move.package]]
id = "Sui"
source = { git = "https://github.com/MystenLabs/sui.git", rev = "framework/mainnet", subdir = "crates/sui-framework/packages/sui-framework" }

dependencies = [
  { id = "MoveStdlib", name = "MoveStdlib" },
]

[move.toolchain-version]
compiler-version = "1.49.2"
edition = "2024.beta"
flavor = "sui"

[env]

[env.testnet]
chain-id = "4c78adac"
original-published-id = "0x9b380f6c79e4589dce8fa3fcc90b9694f40b2cc61114b8b817ea958077c79fef"
latest-published-id = "0x9b380f6c79e4589dce8fa3fcc90b9694f40b2cc61114b8b817ea958077c79fef"
published-version = "1"

[env.mainnet]
chain-id = "35834a8a"
original-published-id = "0x80a710472adc37cc6deced075780f2ac44a0e8cad534f4edc1c1e2f994878c7b"
latest-published-id = "0x80a710472adc37cc6deced075780f2ac44a0e8cad534f4edc1c1e2f994878c7b"
published-version = "1"
