# @generated by Move, please check-in and do not edit manually.

[move]
version = 3
manifest_digest = "2ED239A76F170282BB594146237C7D77C74457E2E969E98BFBEA5FEC45B737AE"
deps_digest = "F8BBB0CCB2491CA29A3DF03D6F92277A4F3574266507ACD77214D37ECA3F3082"
dependencies = [
  { id = "Sui", name = "Sui" },
]

[[move.package]]
id = "MoveStdlib"
source = { git = "https://github.com/MystenLabs/sui.git", rev = "framework/testnet", subdir = "crates/sui-framework/packages/move-stdlib" }

[[move.package]]
id = "Sui"
source = { git = "https://github.com/MystenLabs/sui.git", rev = "framework/testnet", subdir = "crates/sui-framework/packages/sui-framework" }

dependencies = [
  { id = "MoveStdlib", name = "MoveStdlib" },
]

[move.toolchain-version]
compiler-version = "1.51.3"
edition = "2024.beta"
flavor = "sui"

[env]

[env.testnet]
chain-id = "4c78adac"
original-published-id = "0x0687d19707ad6528234f3f1c6a58d8085b483ef629cbbbd8983fbf095fa30082"
latest-published-id = "0x0687d19707ad6528234f3f1c6a58d8085b483ef629cbbbd8983fbf095fa30082"
published-version = "1"
